
Microsoft Visual Studio Solution File, Format Version 12.00
# Visual Studio Version 16
VisualStudioVersion = 16.0.31025.194
MinimumVisualStudioVersion = 10.0.40219.1
Project("{FAE04EC0-301F-11D3-BF4B-00C04F79EFBC}") = "imiN", "imiN\imiN.csproj", "{76698124-BC9B-48CE-81A6-1BA15E14DDD6}"
EndProject
Global
	GlobalSection(SolutionConfigurationPlatforms) = preSolution
		Debug|Any CPU = Debug|Any CPU
		Release|Any CPU = Release|Any CPU
	EndGlobalSection
	GlobalSection(ProjectConfigurationPlatforms) = postSolution
		{76698124-BC9B-48CE-81A6-1BA15E14DDD6}.Debug|Any CPU.ActiveCfg = Debug|Any CPU
		{76698124-BC9B-48CE-81A6-1BA15E14DDD6}.Debug|Any CPU.Build.0 = Debug|Any CPU
		{76698124-BC9B-48CE-81A6-1BA15E14DDD6}.Release|Any CPU.ActiveCfg = Release|Any CPU
		{76698124-BC9B-48CE-81A6-1BA15E14DDD6}.Release|Any CPU.Build.0 = Release|Any CPU
	EndGlobalSection
	GlobalSection(SolutionProperties) = preSolution
		HideSolutionNode = FALSE
	EndGlobalSection
	GlobalSection(ExtensibilityGlobals) = postSolution
		SolutionGuid = {1DC2CA36-ED7B-4699-9177-A7850ABD788C}
	EndGlobalSection
EndGlobal
